
Microsoft Visual Studio Solution File, Format Version 12.00
# Visual Studio 15
Project("{FAE04EC0-301F-11D3-BF4B-00C04F79EFBC}") = "ProjetDominante", "ProjetDominante\ProjetDominante.csproj", "{A3D1CD4F-CD44-4961-A554-39BEF48EA893}"
EndProject
Global
	GlobalSection(SolutionConfigurationPlatforms) = preSolution
		Debug|Any CPU = Debug|Any CPU
		Release|Any CPU = Release|Any CPU
	EndGlobalSection
	GlobalSection(ProjectConfigurationPlatforms) = postSolution
		{A3D1CD4F-CD44-4961-A554-39BEF48EA893}.Debug|Any CPU.ActiveCfg = Debug|Any CPU
		{A3D1CD4F-CD44-4961-A554-39BEF48EA893}.Debug|Any CPU.Build.0 = Debug|Any CPU
		{A3D1CD4F-CD44-4961-A554-39BEF48EA893}.Release|Any CPU.ActiveCfg = Release|Any CPU
		{A3D1CD4F-CD44-4961-A554-39BEF48EA893}.Release|Any CPU.Build.0 = Release|Any CPU
	EndGlobalSection
EndGlobal
